github.com/eiannone/keyboard v0.0.0-20200508000154-caf4b762e807 h1:jdjd5e68T4R/j4PWxfZqcKY8KtT9oo8IPNVuV4bSXDQ=
github.com/eiannone/keyboard v0.0.0-20200508000154-caf4b762e807/go.mod h1:Xoiu5VdKMvbRgHuY7+z64lhu/7lvax/22nzASF6GrO8=
github.com/kopoli/go-terminal-size v0.0.0-20170219200355-5c97524c8b54 h1:0SMHxjkLKNawqUjjnMlCtEdj6uWZjv0+qDZ3F6GOADI=
github.com/kopoli/go-terminal-size v0.0.0-20170219200355-5c97524c8b54/go.mod h1:bm7MVZZvHQBfqHG5X59jrRE/3ak6HvK+/Zb6aZhLR2s=
github.com/mattn/go-isatty v0.0.14 h1:yVuAays6BHfxijgZPzw+3Zlu5yQgKGP2/hcQbHb7S9Y=
github.com/mattn/go-isatty v0.0.14/go.mod h1:7GGIvUiUoEMVVmxf/4nioHXj79iQHKdU27kJ6hsGG94=
github.com/otiai10/copy v1.7.0 h1:hVoPiN+t+7d2nzzwMiDHPSOogsWAStewq3TwU05+clE=
github.com/otiai10/copy v1.7.0/go.mod h1:rmRl6QPdJj6EiUqXQ/4Nn2lLXoNQjFCQbbNrxgc/t3U=
github.com/otiai10/curr v0.0.0-20150429015615-9b4961190c95/go.mod h1:9qAhocn7zKJG+0mI8eUu6xqkFDYS2kb2saOteoSB3cE=
github.com/otiai10/curr v1.0.0/go.mod h1:LskTG5wDwr8Rs+nNQ+1LlxRjAtTZZjtJW4rMXl6j4vs=
github.com/otiai10/mint v1.3.0/go.mod h1:F5AjcsTsWUqX+Na9fpHb52P8pcRX2CI6A3ctIT91xUo=
github.com/otiai10/mint v1.3.3/go.mod h1:/yxELlJQ0ufhjUwhshSj+wFjZ78CnZ48/1wtmBH1OTc=
golang.org/x/sys v0.0.0-20210630005230-0f9fa26af87c/go.mod h1:oPkhp1MJrh7nUepCBck5+mAzfO9JrbApNNgaTdGDITg=
golang.org/x/sys v0.0.0-20220128215802-99c3d69c2c27 h1:XDXtA5hveEEV8JB2l7nhMTp3t3cHp9ZpwcdjqyEWLlo=
golang.org/x/sys v0.0.0-20220128215802-99c3d69c2c27/go.mod h1:oPkhp1MJrh7nUepCBck5+mAzfO9JrbApNNgaTdGDITg=
